
Microsoft Visual Studio Solution File, Format Version 12.00
# Visual Studio 15
VisualStudioVersion = 15.0.28010.2003
MinimumVisualStudioVersion = 10.0.40219.1
Project("{FAE04EC0-301F-11D3-BF4B-00C04F79EFBC}") = "Finance", "Finance\Finance.csproj", "{C2D42A13-70F7-4531-8B61-9EC1B8BCAB8B}"
EndProject
Project("{FAE04EC0-301F-11D3-BF4B-00C04F79EFBC}") = "DAL", "DAL\DAL.csproj", "{ED4A944D-E095-43AE-941C-6832F909E9EA}"
EndProject
Project("{FAE04EC0-301F-11D3-BF4B-00C04F79EFBC}") = "BLL", "BLL\BLL.csproj", "{00F87DA2-AA71-445B-9F1A-6F7528B3BAC3}"
EndProject
Global
	GlobalSection(SolutionConfigurationPlatforms) = preSolution
		Debug|Any CPU = Debug|Any CPU
		Release|Any CPU = Release|Any CPU
	EndGlobalSection
	GlobalSection(ProjectConfigurationPlatforms) = postSolution
		{C2D42A13-70F7-4531-8B61-9EC1B8BCAB8B}.Debug|Any CPU.ActiveCfg = Debug|Any CPU
		{C2D42A13-70F7-4531-8B61-9EC1B8BCAB8B}.Debug|Any CPU.Build.0 = Debug|Any CPU
		{C2D42A13-70F7-4531-8B61-9EC1B8BCAB8B}.Release|Any CPU.ActiveCfg = Release|Any CPU
		{C2D42A13-70F7-4531-8B61-9EC1B8BCAB8B}.Release|Any CPU.Build.0 = Release|Any CPU
		{ED4A944D-E095-43AE-941C-6832F909E9EA}.Debug|Any CPU.ActiveCfg = Debug|Any CPU
		{ED4A944D-E095-43AE-941C-6832F909E9EA}.Debug|Any CPU.Build.0 = Debug|Any CPU
		{ED4A944D-E095-43AE-941C-6832F909E9EA}.Release|Any CPU.ActiveCfg = Release|Any CPU
		{ED4A944D-E095-43AE-941C-6832F909E9EA}.Release|Any CPU.Build.0 = Release|Any CPU
		{00F87DA2-AA71-445B-9F1A-6F7528B3BAC3}.Debug|Any CPU.ActiveCfg = Debug|Any CPU
		{00F87DA2-AA71-445B-9F1A-6F7528B3BAC3}.Debug|Any CPU.Build.0 = Debug|Any CPU
		{00F87DA2-AA71-445B-9F1A-6F7528B3BAC3}.Release|Any CPU.ActiveCfg = Release|Any CPU
		{00F87DA2-AA71-445B-9F1A-6F7528B3BAC3}.Release|Any CPU.Build.0 = Release|Any CPU
	EndGlobalSection
	GlobalSection(SolutionProperties) = preSolution
		HideSolutionNode = FALSE
	EndGlobalSection
	GlobalSection(ExtensibilityGlobals) = postSolution
		SolutionGuid = {7CD1958E-6396-4AC3-88C0-2A738A90567C}
	EndGlobalSection
EndGlobal
